{
  "name": "BmBhastam",
  "lockfileVersion": 3,
  "requires": true,
  "packages": {
    "": {
      "dependencies": {
        "@netlify/plugin-nextjs": "^5.9.1"
      }
    },
    "node_modules/@netlify/plugin-nextjs": {
      "version": "5.9.1",
      "resolved": "https://registry.npmjs.org/@netlify/plugin-nextjs/-/plugin-nextjs-5.9.1.tgz",
      "integrity": "sha512-aHw/vUNKqUml795b1iCTc1CcyNHwM9BaF03HSPr6VoUgm4kSCmoDbLKdiKdm1FsvbHi+Ajeb+YoohWp16z1NHQ==",
      "license": "MIT",
      "engines": {
        "node": ">=18.0.0"
      }
    }
  }
}
